
Microsoft Visual Studio Solution File, Format Version 12.00
# Visual Studio 15
VisualStudioVersion = 15.0.26730.12
MinimumVisualStudioVersion = 10.0.40219.1
Project("{FAE04EC0-301F-11D3-BF4B-00C04F79EFBC}") = "Address.Book", "Address.Book\Address.Book.csproj", "{E8178595-DBEC-410C-A641-B39D7B59F45A}"
EndProject
Global
	GlobalSection(SolutionConfigurationPlatforms) = preSolution
		Debug|Any CPU = Debug|Any CPU
		Release|Any CPU = Release|Any CPU
	EndGlobalSection
	GlobalSection(ProjectConfigurationPlatforms) = postSolution
		{E8178595-DBEC-410C-A641-B39D7B59F45A}.Debug|Any CPU.ActiveCfg = Debug|Any CPU
		{E8178595-DBEC-410C-A641-B39D7B59F45A}.Debug|Any CPU.Build.0 = Debug|Any CPU
		{E8178595-DBEC-410C-A641-B39D7B59F45A}.Release|Any CPU.ActiveCfg = Release|Any CPU
		{E8178595-DBEC-410C-A641-B39D7B59F45A}.Release|Any CPU.Build.0 = Release|Any CPU
	EndGlobalSection
	GlobalSection(SolutionProperties) = preSolution
		HideSolutionNode = FALSE
	EndGlobalSection
	GlobalSection(ExtensibilityGlobals) = postSolution
		SolutionGuid = {6E8B7A5A-6C68-4234-B6C0-647000532123}
	EndGlobalSection
EndGlobal
